// !$*UTF8*$!
{
	archiveVersion = 1;
	classes = {
	};
	objectVersion = 77;
	objects = {

/* Begin PBXContainerItemProxy section */
		3FBA00502ED1F7FA00FE18F0 /* PBXContainerItemProxy */ = {
			isa = PBXContainerItemProxy;
			containerPortal = 3FBA003A2ED1F7F800FE18F0 /* Project object */;
			proxyType = 1;
			remoteGlobalIDString = 3FBA00412ED1F7F800FE18F0;
			remoteInfo = FamilyBoard;
		};
		3FBA005A2ED1F7FA00FE18F0 /* PBXContainerItemProxy */ = {
			isa = PBXContainerItemProxy;
			containerPortal = 3FBA003A2ED1F7F800FE18F0 /* Project object */;
			proxyType = 1;
			remoteGlobalIDString = 3FBA00412ED1F7F800FE18F0;
			remoteInfo = FamilyBoard;
		};
/* End PBXContainerItemProxy section */

/* Begin PBXFileReference section */
		3FBA00422ED1F7F800FE18F0 /* FamilyBoard.app */ = {isa = PBXFileReference; explicitFileType = wrapper.application; includeInIndex = 0; path = FamilyBoard.app; sourceTree = BUILT_PRODUCTS_DIR; };
		3FBA004F2ED1F7FA00FE18F0 /* FamilyBoardTests.xctest */ = {isa = PBXFileReference; explicitFileType = wrapper.cfbundle; includeInIndex = 0; path = FamilyBoardTests.xctest; sourceTree = BUILT_PRODUCTS_DIR; };
		3FBA00592ED1F7FA00FE18F0 /* FamilyBoardUITests.xctest */ = {isa = PBXFileReference; explicitFileType = wrapper.cfbundle; includeInIndex = 0; path = FamilyBoardUITests.xctest; sourceTree = BUILT_PRODUCTS_DIR; };
/* End PBXFileReference section */

/* Begin PBXFileSystemSynchronizedRootGroup section */
		3FBA00442ED1F7F800FE18F0 /* FamilyBoard */ = {
			isa = PBXFileSystemSynchronizedRootGroup;
			path = FamilyBoard;
			sourceTree = "<group>";
		};
		3FBA00522ED1F7FA00FE18F0 /* FamilyBoardTests */ = {
			isa = PBXFileSystemSynchronizedRootGroup;
			path = FamilyBoardTests;
			sourceTree = "<group>";
		};
		3FBA005C2ED1F7FA00FE18F0 /* FamilyBoardUITests */ = {
			isa = PBXFileSystemSynchronizedRootGroup;
			path = FamilyBoardUITests;
			sourceTree = "<group>";
		};
/* End PBXFileSystemSynchronizedRootGroup section */

/* Begin PBXFrameworksBuildPhase section */
		3FBA003F2ED1F7F800FE18F0 /* Frameworks */ = {
			isa = PBXFrameworksBuildPhase;
			buildActionMask = 2147483647;
			files = (
			);
			runOnlyForDeploymentPostprocessing = 0;
		};
		3FBA004C2ED1F7FA00FE18F0 /* Frameworks */ = {
			isa = PBXFrameworksBuildPhase;
			buildActionMask = 2147483647;
			files = (
			);
			runOnlyForDeploymentPostprocessing = 0;
		};
		3FBA00562ED1F7FA00FE18F0 /* Frameworks */ = {
			isa = PBXFrameworksBuildPhase;
			buildActionMask = 2147483647;
			files = (
			);
			runOnlyForDeploymentPostprocessing = 0;
		};
/* End PBXFrameworksBuildPhase section */

/* Begin PBXGroup section */
		3FBA00392ED1F7F800FE18F0 = {
			isa = PBXGroup;
			children = (
				3FBA00442ED1F7F800FE18F0 /* FamilyBoard */,
				3FBA00522ED1F7FA00FE18F0 /* FamilyBoardTests */,
				3FBA005C2ED1F7FA00FE18F0 /* FamilyBoardUITests */,
				3FBA00432ED1F7F800FE18F0 /* Products */,
			);
			sourceTree = "<group>";
		};
		3FBA00432ED1F7F800FE18F0 /* Products */ = {
			isa = PBXGroup;
			children = (
				3FBA00422ED1F7F800FE18F0 /* FamilyBoard.app */,
				3FBA004F2ED1F7FA00FE18F0 /* FamilyBoardTests.xctest */,
				3FBA00592ED1F7FA00FE18F0 /* FamilyBoardUITests.xctest */,
			);
			name = Products;
			sourceTree = "<group>";
		};
/* End PBXGroup section */

/* Begin PBXNativeTarget section */
		3FBA00412ED1F7F800FE18F0 /* FamilyBoard */ = {
			isa = PBXNativeTarget;
			buildConfigurationList = 3FBA00632ED1F7FA00FE18F0 /* Build configuration list for PBXNativeTarget "FamilyBoard" */;
			buildPhases = (
				3FBA003E2ED1F7F800FE18F0 /* Sources */,
				3FBA003F2ED1F7F800FE18F0 /* Frameworks */,
				3FBA00402ED1F7F800FE18F0 /* Resources */,
			);
			buildRules = (
			);
			dependencies = (
			);
			fileSystemSynchronizedGroups = (
				3FBA00442ED1F7F800FE18F0 /* FamilyBoard */,
			);
			name = FamilyBoard;
			packageProductDependencies = (
			);
			productName = FamilyBoard;
			productReference = 3FBA00422ED1F7F800FE18F0 /* FamilyBoard.app */;
			productType = "com.apple.product-type.application";
		};
		3FBA004E2ED1F7FA00FE18F0 /* FamilyBoardTests */ = {
			isa = PBXNativeTarget;
			buildConfigurationList = 3FBA00662ED1F7FA00FE18F0 /* Build configuration list for PBXNativeTarget "FamilyBoardTests" */;
			buildPhases = (
				3FBA004B2ED1F7FA00FE18F0 /* Sources */,
				3FBA004C2ED1F7FA00FE18F0 /* Frameworks */,
				3FBA004D2ED1F7FA00FE18F0 /* Resources */,
			);
			buildRules = (
			);
			dependencies = (
				3FBA00512ED1F7FA00FE18F0 /* PBXTargetDependency */,
			);
			fileSystemSynchronizedGroups = (
				3FBA00522ED1F7FA00FE18F0 /* FamilyBoardTests */,
			);
			name = FamilyBoardTests;
			packageProductDependencies = (
			);
			productName = FamilyBoardTests;
			productReference = 3FBA004F2ED1F7FA00FE18F0 /* FamilyBoardTests.xctest */;
			productType = "com.apple.product-type.bundle.unit-test";
		};
		3FBA00582ED1F7FA00FE18F0 /* FamilyBoardUITests */ = {
			isa = PBXNativeTarget;
			buildConfigurationList = 3FBA00692ED1F7FA00FE18F0 /* Build configuration list for PBXNativeTarget "FamilyBoardUITests" */;
			buildPhases = (
				3FBA00552ED1F7FA00FE18F0 /* Sources */,
				3FBA00562ED1F7FA00FE18F0 /* Frameworks */,
				3FBA00572ED1F7FA00FE18F0 /* Resources */,
			);
			buildRules = (
			);
			dependencies = (
				3FBA005B2ED1F7FA00FE18F0 /* PBXTargetDependency */,
			);
			fileSystemSynchronizedGroups = (
				3FBA005C2ED1F7FA00FE18F0 /* FamilyBoardUITests */,
			);
			name = FamilyBoardUITests;
			packageProductDependencies = (
			);
			productName = FamilyBoardUITests;
			productReference = 3FBA00592ED1F7FA00FE18F0 /* FamilyBoardUITests.xctest */;
			productType = "com.apple.product-type.bundle.ui-testing";
		};
/* End PBXNativeTarget section */

/* Begin PBXProject section */
		3FBA003A2ED1F7F800FE18F0 /* Project object */ = {
			isa = PBXProject;
			attributes = {
				BuildIndependentTargetsInParallel = 1;
				LastSwiftUpdateCheck = 2610;
				LastUpgradeCheck = 2610;
				TargetAttributes = {
					3FBA00412ED1F7F800FE18F0 = {
						CreatedOnToolsVersion = 26.1;
					};
					3FBA004E2ED1F7FA00FE18F0 = {
						CreatedOnToolsVersion = 26.1;
						TestTargetID = 3FBA00412ED1F7F800FE18F0;
					};
					3FBA00582ED1F7FA00FE18F0 = {
						CreatedOnToolsVersion = 26.1;
						TestTargetID = 3FBA00412ED1F7F800FE18F0;
					};
				};
			};
			buildConfigurationList = 3FBA003D2ED1F7F800FE18F0 /* Build configuration list for PBXProject "FamilyBoard" */;
			developmentRegion = en;
			hasScannedForEncodings = 0;
			knownRegions = (
				en,
				Base,
			);
			mainGroup = 3FBA00392ED1F7F800FE18F0;
			minimizedProjectReferenceProxies = 1;
			preferredProjectObjectVersion = 77;
			productRefGroup = 3FBA00432ED1F7F800FE18F0 /* Products */;
			projectDirPath = "";
			projectRoot = "";
			targets = (
				3FBA00412ED1F7F800FE18F0 /* FamilyBoard */,
				3FBA004E2ED1F7FA00FE18F0 /* FamilyBoardTests */,
				3FBA00582ED1F7FA00FE18F0 /* FamilyBoardUITests */,
			);
		};
/* End PBXProject section */

/* Begin PBXResourcesBuildPhase section */
		3FBA00402ED1F7F800FE18F0 /* Resources */ = {
			isa = PBXResourcesBuildPhase;
			buildActionMask = 2147483647;
			files = (
			);
			runOnlyForDeploymentPostprocessing = 0;
		};
		3FBA004D2ED1F7FA00FE18F0 /* Resources */ = {
			isa = PBXResourcesBuildPhase;
			buildActionMask = 2147483647;
			files = (
			);
			runOnlyForDeploymentPostprocessing = 0;
		};
		3FBA00572ED1F7FA00FE18F0 /* Resources */ = {
			isa = PBXResourcesBuildPhase;
			buildActionMask = 2147483647;
			files = (
			);
			runOnlyForDeploymentPostprocessing = 0;
		};
/* End PBXResourcesBuildPhase section */

/* Begin PBXSourcesBuildPhase section */
		3FBA003E2ED1F7F800FE18F0 /* Sources */ = {
			isa = PBXSourcesBuildPhase;
			buildActionMask = 2147483647;
			files = (
			);
			runOnlyForDeploymentPostprocessing = 0;
		};
		3FBA004B2ED1F7FA00FE18F0 /* Sources */ = {
			isa = PBXSourcesBuildPhase;
			buildActionMask = 2147483647;
			files = (
			);
			runOnlyForDeploymentPostprocessing = 0;
		};
		3FBA00552ED1F7FA00FE18F0 /* Sources */ = {
			isa = PBXSourcesBuildPhase;
			buildActionMask = 2147483647;
			files = (
			);
			runOnlyForDeploymentPostprocessing = 0;
		};
/* End PBXSourcesBuildPhase section */

/* Begin PBXTargetDependency section */
		3FBA00512ED1F7FA00FE18F0 /* PBXTargetDependency */ = {
			isa = PBXTargetDependency;
			target = 3FBA00412ED1F7F800FE18F0 /* FamilyBoard */;
			targetProxy = 3FBA00502ED1F7FA00FE18F0 /* PBXContainerItemProxy */;
		};
		3FBA005B2ED1F7FA00FE18F0 /* PBXTargetDependency */ = {
			isa = PBXTargetDependency;
			target = 3FBA00412ED1F7F800FE18F0 /* FamilyBoard */;
			targetProxy = 3FBA005A2ED1F7FA00FE18F0 /* PBXContainerItemProxy */;
		};
/* End PBXTargetDependency section */

/* Begin XCBuildConfiguration section */
		3FBA00612ED1F7FA00FE18F0 /* Debug */ = {
			isa = XCBuildConfiguration;
			buildSettings = {
				ALWAYS_SEARCH_USER_PATHS = NO;
				ASSETCATALOG_COMPILER_GENERATE_SWIFT_ASSET_SYMBOL_EXTENSIONS = YES;
				CLANG_ANALYZER_NONNULL = YES;
				CLANG_ANALYZER_NUMBER_OBJECT_CONVERSION = YES_AGGRESSIVE;
				CLANG_CXX_LANGUAGE_STANDARD = "gnu++20";
				CLANG_ENABLE_MODULES = YES;
				CLANG_ENABLE_OBJC_ARC = YES;
				CLANG_ENABLE_OBJC_WEAK = YES;
				CLANG_WARN_BLOCK_CAPTURE_AUTORELEASING = YES;
				CLANG_WARN_BOOL_CONVERSION = YES;
				CLANG_WARN_COMMA = YES;
				CLANG_WARN_CONSTANT_CONVERSION = YES;
				CLANG_WARN_DEPRECATED_OBJC_IMPLEMENTATIONS = YES;
				CLANG_WARN_DIRECT_OBJC_ISA_USAGE = YES_ERROR;
				CLANG_WARN_DOCUMENTATION_COMMENTS = YES;
				CLANG_WARN_EMPTY_BODY = YES;
				CLANG_WARN_ENUM_CONVERSION = YES;
				CLANG_WARN_INFINITE_RECURSION = YES;
				CLANG_WARN_INT_CONVERSION = YES;
				CLANG_WARN_NON_LITERAL_NULL_CONVERSION = YES;
				CLANG_WARN_OBJC_IMPLICIT_RETAIN_SELF = YES;
				CLANG_WARN_OBJC_LITERAL_CONVERSION = YES;
				CLANG_WARN_OBJC_ROOT_CLASS = YES_ERROR;
				CLANG_WARN_QUOTED_INCLUDE_IN_FRAMEWORK_HEADER = YES;
				CLANG_WARN_RANGE_LOOP_ANALYSIS = YES;
				CLANG_WARN_STRICT_PROTOTYPES = YES;
				CLANG_WARN_SUSPICIOUS_MOVE = YES;
				CLANG_WARN_UNGUARDED_AVAILABILITY = YES_AGGRESSIVE;
				CLANG_WARN_UNREACHABLE_CODE = YES;
				CLANG_WARN__DUPLICATE_METHOD_MATCH = YES;
				COPY_PHASE_STRIP = NO;
				DEBUG_INFORMATION_FORMAT = dwarf;
				ENABLE_STRICT_OBJC_MSGSEND = YES;
				ENABLE_TESTABILITY = YES;
				ENABLE_USER_SCRIPT_SANDBOXING = YES;
				GCC_C_LANGUAGE_STANDARD = gnu17;
				GCC_DYNAMIC_NO_PIC = NO;
				GCC_NO_COMMON_BLOCKS = YES;
				GCC_OPTIMIZATION_LEVEL = 0;
				GCC_PREPROCESSOR_DEFINITIONS = (
					"DEBUG=1",
					"$(inherited)",
				);
				GCC_WARN_64_TO_32_BIT_CONVERSION = YES;
				GCC_WARN_ABOUT_RETURN_TYPE = YES_ERROR;
				GCC_WARN_UNDECLARED_SELECTOR = YES;
				GCC_WARN_UNINITIALIZED_AUTOS = YES_AGGRESSIVE;
				GCC_WARN_UNUSED_FUNCTION = YES;
				GCC_WARN_UNUSED_VARIABLE = YES;
				LOCALIZATION_PREFERS_STRING_CATALOGS = YES;
				MTL_ENABLE_DEBUG_INFO = INCLUDE_SOURCE;
				MTL_FAST_MATH = YES;
				ONLY_ACTIVE_ARCH = YES;
				SDKROOT = appletvos;
				SWIFT_ACTIVE_COMPILATION_CONDITIONS = "DEBUG $(inherited)";
				SWIFT_OPTIMIZATION_LEVEL = "-Onone";
				TVOS_DEPLOYMENT_TARGET = 26.1;
			};
			name = Debug;
		};
		3FBA00622ED1F7FA00FE18F0 /* Release */ = {
			isa = XCBuildConfiguration;
			buildSettings = {
				ALWAYS_SEARCH_USER_PATHS = NO;
				ASSETCATALOG_COMPILER_GENERATE_SWIFT_ASSET_SYMBOL_EXTENSIONS = YES;
				CLANG_ANALYZER_NONNULL = YES;
				CLANG_ANALYZER_NUMBER_OBJECT_CONVERSION = YES_AGGRESSIVE;
				CLANG_CXX_LANGUAGE_STANDARD = "gnu++20";
				CLANG_ENABLE_MODULES = YES;
				CLANG_ENABLE_OBJC_ARC = YES;
				CLANG_ENABLE_OBJC_WEAK = YES;
				CLANG_WARN_BLOCK_CAPTURE_AUTORELEASING = YES;
				CLANG_WARN_BOOL_CONVERSION = YES;
				CLANG_WARN_COMMA = YES;
				CLANG_WARN_CONSTANT_CONVERSION = YES;
				CLANG_WARN_DEPRECATED_OBJC_IMPLEMENTATIONS = YES;
				CLANG_WARN_DIRECT_OBJC_ISA_USAGE = YES_ERROR;
				CLANG_WARN_DOCUMENTATION_COMMENTS = YES;
				CLANG_WARN_EMPTY_BODY = YES;
				CLANG_WARN_ENUM_CONVERSION = YES;
				CLANG_WARN_INFINITE_RECURSION = YES;
				CLANG_WARN_INT_CONVERSION = YES;
				CLANG_WARN_NON_LITERAL_NULL_CONVERSION = YES;
				CLANG_WARN_OBJC_IMPLICIT_RETAIN_SELF = YES;
				CLANG_WARN_OBJC_LITERAL_CONVERSION = YES;
				CLANG_WARN_OBJC_ROOT_CLASS = YES_ERROR;
				CLANG_WARN_QUOTED_INCLUDE_IN_FRAMEWORK_HEADER = YES;
				CLANG_WARN_RANGE_LOOP_ANALYSIS = YES;
				CLANG_WARN_STRICT_PROTOTYPES = YES;
				CLANG_WARN_SUSPICIOUS_MOVE = YES;
				CLANG_WARN_UNGUARDED_AVAILABILITY = YES_AGGRESSIVE;
				CLANG_WARN_UNREACHABLE_CODE = YES;
				CLANG_WARN__DUPLICATE_METHOD_MATCH = YES;
				COPY_PHASE_STRIP = NO;
				DEBUG_INFORMATION_FORMAT = "dwarf-with-dsym";
				ENABLE_NS_ASSERTIONS = NO;
				ENABLE_STRICT_OBJC_MSGSEND = YES;
				ENABLE_USER_SCRIPT_SANDBOXING = YES;
				GCC_C_LANGUAGE_STANDARD = gnu17;
				GCC_NO_COMMON_BLOCKS = YES;
				GCC_WARN_64_TO_32_BIT_CONVERSION = YES;
				GCC_WARN_ABOUT_RETURN_TYPE = YES_ERROR;
				GCC_WARN_UNDECLARED_SELECTOR = YES;
				GCC_WARN_UNINITIALIZED_AUTOS = YES_AGGRESSIVE;
				GCC_WARN_UNUSED_FUNCTION = YES;
				GCC_WARN_UNUSED_VARIABLE = YES;
				LOCALIZATION_PREFERS_STRING_CATALOGS = YES;
				MTL_ENABLE_DEBUG_INFO = NO;
				MTL_FAST_MATH = YES;
				SDKROOT = appletvos;
				SWIFT_COMPILATION_MODE = wholemodule;
				TVOS_DEPLOYMENT_TARGET = 26.1;
				VALIDATE_PRODUCT = YES;
			};
			name = Release;
		};
		3FBA00642ED1F7FA00FE18F0 /* Debug */ = {
			isa = XCBuildConfiguration;
			buildSettings = {
				ASSETCATALOG_COMPILER_APPICON_NAME = "App Icon & Top Shelf Image";
				ASSETCATALOG_COMPILER_GLOBAL_ACCENT_COLOR_NAME = AccentColor;
				CODE_SIGN_STYLE = Automatic;
				CURRENT_PROJECT_VERSION = 1;
				ENABLE_PREVIEWS = YES;
				GENERATE_INFOPLIST_FILE = YES;
				INFOPLIST_KEY_UILaunchScreen_Generation = YES;
				INFOPLIST_KEY_UIUserInterfaceStyle = Automatic;
				LD_RUNPATH_SEARCH_PATHS = (
					"$(inherited)",
					"@executable_path/Frameworks",
				);
				MARKETING_VERSION = 1.0;
				PRODUCT_BUNDLE_IDENTIFIER = Iruni.FamilyBoard;
				PRODUCT_NAME = "$(TARGET_NAME)";
				STRING_CATALOG_GENERATE_SYMBOLS = YES;
				SWIFT_APPROACHABLE_CONCURRENCY = YES;
				SWIFT_DEFAULT_ACTOR_ISOLATION = MainActor;
				SWIFT_EMIT_LOC_STRINGS = YES;
				SWIFT_UPCOMING_FEATURE_MEMBER_IMPORT_VISIBILITY = YES;
				SWIFT_VERSION = 5.0;
				TARGETED_DEVICE_FAMILY = 3;
			};
			name = Debug;
		};
		3FBA00652ED1F7FA00FE18F0 /* Release */ = {
			isa = XCBuildConfiguration;
			buildSettings = {
				ASSETCATALOG_COMPILER_APPICON_NAME = "App Icon & Top Shelf Image";
				ASSETCATALOG_COMPILER_GLOBAL_ACCENT_COLOR_NAME = AccentColor;
				CODE_SIGN_STYLE = Automatic;
				CURRENT_PROJECT_VERSION = 1;
				ENABLE_PREVIEWS = YES;
				GENERATE_INFOPLIST_FILE = YES;
				INFOPLIST_KEY_UILaunchScreen_Generation = YES;
				INFOPLIST_KEY_UIUserInterfaceStyle = Automatic;
				LD_RUNPATH_SEARCH_PATHS = (
					"$(inherited)",
					"@executable_path/Frameworks",
				);
				MARKETING_VERSION = 1.0;
				PRODUCT_BUNDLE_IDENTIFIER = Iruni.FamilyBoard;
				PRODUCT_NAME = "$(TARGET_NAME)";
				STRING_CATALOG_GENERATE_SYMBOLS = YES;
				SWIFT_APPROACHABLE_CONCURRENCY = YES;
				SWIFT_DEFAULT_ACTOR_ISOLATION = MainActor;
				SWIFT_EMIT_LOC_STRINGS = YES;
				SWIFT_UPCOMING_FEATURE_MEMBER_IMPORT_VISIBILITY = YES;
				SWIFT_VERSION = 5.0;
				TARGETED_DEVICE_FAMILY = 3;
			};
			name = Release;
		};
		3FBA00672ED1F7FA00FE18F0 /* Debug */ = {
			isa = XCBuildConfiguration;
			buildSettings = {
				BUNDLE_LOADER = "$(TEST_HOST)";
				CODE_SIGN_STYLE = Automatic;
				CURRENT_PROJECT_VERSION = 1;
				GENERATE_INFOPLIST_FILE = YES;
				MARKETING_VERSION = 1.0;
				PRODUCT_BUNDLE_IDENTIFIER = Iruni.FamilyBoardTests;
				PRODUCT_NAME = "$(TARGET_NAME)";
				STRING_CATALOG_GENERATE_SYMBOLS = NO;
				SWIFT_APPROACHABLE_CONCURRENCY = YES;
				SWIFT_EMIT_LOC_STRINGS = NO;
				SWIFT_UPCOMING_FEATURE_MEMBER_IMPORT_VISIBILITY = YES;
				SWIFT_VERSION = 5.0;
				TARGETED_DEVICE_FAMILY = 3;
				TEST_HOST = "$(BUILT_PRODUCTS_DIR)/FamilyBoard.app/$(BUNDLE_EXECUTABLE_FOLDER_PATH)/FamilyBoard";
				TVOS_DEPLOYMENT_TARGET = 26.1;
			};
			name = Debug;
		};
		3FBA00682ED1F7FA00FE18F0 /* Release */ = {
			isa = XCBuildConfiguration;
			buildSettings = {
				BUNDLE_LOADER = "$(TEST_HOST)";
				CODE_SIGN_STYLE = Automatic;
				CURRENT_PROJECT_VERSION = 1;
				GENERATE_INFOPLIST_FILE = YES;
				MARKETING_VERSION = 1.0;
				PRODUCT_BUNDLE_IDENTIFIER = Iruni.FamilyBoardTests;
				PRODUCT_NAME = "$(TARGET_NAME)";
				STRING_CATALOG_GENERATE_SYMBOLS = NO;
				SWIFT_APPROACHABLE_CONCURRENCY = YES;
				SWIFT_EMIT_LOC_STRINGS = NO;
				SWIFT_UPCOMING_FEATURE_MEMBER_IMPORT_VISIBILITY = YES;
				SWIFT_VERSION = 5.0;
				TARGETED_DEVICE_FAMILY = 3;
				TEST_HOST = "$(BUILT_PRODUCTS_DIR)/FamilyBoard.app/$(BUNDLE_EXECUTABLE_FOLDER_PATH)/FamilyBoard";
				TVOS_DEPLOYMENT_TARGET = 26.1;
			};
			name = Release;
		};
		3FBA006A2ED1F7FA00FE18F0 /* Debug */ = {
			isa = XCBuildConfiguration;
			buildSettings = {
				CODE_SIGN_STYLE = Automatic;
				CURRENT_PROJECT_VERSION = 1;
				GENERATE_INFOPLIST_FILE = YES;
				MARKETING_VERSION = 1.0;
				PRODUCT_BUNDLE_IDENTIFIER = Iruni.FamilyBoardUITests;
				PRODUCT_NAME = "$(TARGET_NAME)";
				STRING_CATALOG_GENERATE_SYMBOLS = NO;
				SWIFT_APPROACHABLE_CONCURRENCY = YES;
				SWIFT_EMIT_LOC_STRINGS = NO;
				SWIFT_UPCOMING_FEATURE_MEMBER_IMPORT_VISIBILITY = YES;
				SWIFT_VERSION = 5.0;
				TARGETED_DEVICE_FAMILY = 3;
				TEST_TARGET_NAME = FamilyBoard;
			};
			name = Debug;
		};
		3FBA006B2ED1F7FA00FE18F0 /* Release */ = {
			isa = XCBuildConfiguration;
			buildSettings = {
				CODE_SIGN_STYLE = Automatic;
				CURRENT_PROJECT_VERSION = 1;
				GENERATE_INFOPLIST_FILE = YES;
				MARKETING_VERSION = 1.0;
				PRODUCT_BUNDLE_IDENTIFIER = Iruni.FamilyBoardUITests;
				PRODUCT_NAME = "$(TARGET_NAME)";
				STRING_CATALOG_GENERATE_SYMBOLS = NO;
				SWIFT_APPROACHABLE_CONCURRENCY = YES;
				SWIFT_EMIT_LOC_STRINGS = NO;
				SWIFT_UPCOMING_FEATURE_MEMBER_IMPORT_VISIBILITY = YES;
				SWIFT_VERSION = 5.0;
				TARGETED_DEVICE_FAMILY = 3;
				TEST_TARGET_NAME = FamilyBoard;
			};
			name = Release;
		};
/* End XCBuildConfiguration section */

/* Begin XCConfigurationList section */
		3FBA003D2ED1F7F800FE18F0 /* Build configuration list for PBXProject "FamilyBoard" */ = {
			isa = XCConfigurationList;
			buildConfigurations = (
				3FBA00612ED1F7FA00FE18F0 /* Debug */,
				3FBA00622ED1F7FA00FE18F0 /* Release */,
			);
			defaultConfigurationIsVisible = 0;
			defaultConfigurationName = Release;
		};
		3FBA00632ED1F7FA00FE18F0 /* Build configuration list for PBXNativeTarget "FamilyBoard" */ = {
			isa = XCConfigurationList;
			buildConfigurations = (
				3FBA00642ED1F7FA00FE18F0 /* Debug */,
				3FBA00652ED1F7FA00FE18F0 /* Release */,
			);
			defaultConfigurationIsVisible = 0;
			defaultConfigurationName = Release;
		};
		3FBA00662ED1F7FA00FE18F0 /* Build configuration list for PBXNativeTarget "FamilyBoardTests" */ = {
			isa = XCConfigurationList;
			buildConfigurations = (
				3FBA00672ED1F7FA00FE18F0 /* Debug */,
				3FBA00682ED1F7FA00FE18F0 /* Release */,
			);
			defaultConfigurationIsVisible = 0;
			defaultConfigurationName = Release;
		};
		3FBA00692ED1F7FA00FE18F0 /* Build configuration list for PBXNativeTarget "FamilyBoardUITests" */ = {
			isa = XCConfigurationList;
			buildConfigurations = (
				3FBA006A2ED1F7FA00FE18F0 /* Debug */,
				3FBA006B2ED1F7FA00FE18F0 /* Release */,
			);
			defaultConfigurationIsVisible = 0;
			defaultConfigurationName = Release;
		};
/* End XCConfigurationList section */
	};
	rootObject = 3FBA003A2ED1F7F800FE18F0 /* Project object */;
}
